// !$*UTF8*$!
{
	archiveVersion = 1;
	classes = {
	};
	objectVersion = 55;
	objects = {

/* Begin PBXBuildFile section */
		01059A6E291CBCD800F846D0 /* OverviewCell.swift in Sources */ = {isa = PBXBuildFile; fileRef = 01059A6C291CBCD800F846D0 /* OverviewCell.swift */; };
		01059A6F291CBCD800F846D0 /* OverviewCell.xib in Resources */ = {isa = PBXBuildFile; fileRef = 01059A6D291CBCD800F846D0 /* OverviewCell.xib */; };
		01059A73291CBCFD00F846D0 /* ContainerListCell.swift in Sources */ = {isa = PBXBuildFile; fileRef = 01059A71291CBCFD00F846D0 /* ContainerListCell.swift */; };
		01059A74291CBCFD00F846D0 /* ContainerListCell.xib in Resources */ = {isa = PBXBuildFile; fileRef = 01059A72291CBCFD00F846D0 /* ContainerListCell.xib */; };
		01059A78291CBD5900F846D0 /* TransportPlanCell.swift in Sources */ = {isa = PBXBuildFile; fileRef = 01059A76291CBD5900F846D0 /* TransportPlanCell.swift */; };
		01059A79291CBD5900F846D0 /* TransportPlanCell.xib in Resources */ = {isa = PBXBuildFile; fileRef = 01059A77291CBD5900F846D0 /* TransportPlanCell.xib */; };
		01097A94291A364300CD52B6 /* Home.storyboard in Resources */ = {isa = PBXBuildFile; fileRef = 01097A68291A364300CD52B6 /* Home.storyboard */; };
		01097A95291A364300CD52B6 /* Auth.storyboard in Resources */ = {isa = PBXBuildFile; fileRef = 01097A6F291A364300CD52B6 /* Auth.storyboard */; };
		01097A96291A364300CD52B6 /* LoginVC.swift in Sources */ = {isa = PBXBuildFile; fileRef = 01097A71291A364300CD52B6 /* LoginVC.swift */; };
		01097A97291A364300CD52B6 /* ChangePasswordVC.swift in Sources */ = {isa = PBXBuildFile; fileRef = 01097A72291A364300CD52B6 /* ChangePasswordVC.swift */; };
		01097A98291A364300CD52B6 /* SignupVC.swift in Sources */ = {isa = PBXBuildFile; fileRef = 01097A73291A364300CD52B6 /* SignupVC.swift */; };
		01097A99291A364300CD52B6 /* TermsAcceptVC.swift in Sources */ = {isa = PBXBuildFile; fileRef = 01097A74291A364300CD52B6 /* TermsAcceptVC.swift */; };
		01097A9A291A364300CD52B6 /* BaseVC.swift in Sources */ = {isa = PBXBuildFile; fileRef = 01097A76291A364300CD52B6 /* BaseVC.swift */; };
		01097A9B291A364300CD52B6 /* TabbarVC.swift in Sources */ = {isa = PBXBuildFile; fileRef = 01097A78291A364300CD52B6 /* TabbarVC.swift */; };
		01097A9C291A364300CD52B6 /* Constants.swift in Sources */ = {isa = PBXBuildFile; fileRef = 01097A7A291A364300CD52B6 /* Constants.swift */; };
		01097A9D291A364300CD52B6 /* Validator.swift in Sources */ = {isa = PBXBuildFile; fileRef = 01097A7B291A364300CD52B6 /* Validator.swift */; };
		01097A9E291A364300CD52B6 /* Util.swift in Sources */ = {isa = PBXBuildFile; fileRef = 01097A7C291A364300CD52B6 /* Util.swift */; };
		01097A9F291A364300CD52B6 /* Extensions.swift in Sources */ = {isa = PBXBuildFile; fileRef = 01097A7F291A364300CD52B6 /* Extensions.swift */; };
		01097AA0291A364300CD52B6 /* ALF.swift in Sources */ = {isa = PBXBuildFile; fileRef = 01097A81291A364300CD52B6 /* ALF.swift */; };
		01097AA1291A364300CD52B6 /* AFN.swift in Sources */ = {isa = PBXBuildFile; fileRef = 01097A82291A364300CD52B6 /* AFN.swift */; };
		01097AA2291A364300CD52B6 /* AppDelegate.swift in Sources */ = {isa = PBXBuildFile; fileRef = 01097A84291A364300CD52B6 /* AppDelegate.swift */; };
		01097AA3291A364300CD52B6 /* SceneDelegate.swift in Sources */ = {isa = PBXBuildFile; fileRef = 01097A85291A364300CD52B6 /* SceneDelegate.swift */; };
		01097AA4291A364300CD52B6 /* PopupViewController.swift in Sources */ = {isa = PBXBuildFile; fileRef = 01097A88291A364300CD52B6 /* PopupViewController.swift */; };
		01097AA5291A364300CD52B6 /* ImagePicker.swift in Sources */ = {isa = PBXBuildFile; fileRef = 01097A8A291A364300CD52B6 /* ImagePicker.swift */; };
		01097AA6291A364300CD52B6 /* AppStoryboards.swift in Sources */ = {isa = PBXBuildFile; fileRef = 01097A8B291A364300CD52B6 /* AppStoryboards.swift */; };
		01097AA7291A364300CD52B6 /* SKToast.swift in Sources */ = {isa = PBXBuildFile; fileRef = 01097A8D291A364300CD52B6 /* SKToast.swift */; };
		01097AA8291A364300CD52B6 /* RPicker.swift in Sources */ = {isa = PBXBuildFile; fileRef = 01097A8F291A364300CD52B6 /* RPicker.swift */; };
		01097AA9291A364300CD52B6 /* Reach.swift in Sources */ = {isa = PBXBuildFile; fileRef = 01097A91291A364300CD52B6 /* Reach.swift */; };
		01097AAA291A364300CD52B6 /* User.swift in Sources */ = {isa = PBXBuildFile; fileRef = 01097A93291A364300CD52B6 /* User.swift */; };
		01097AB6291A368500CD52B6 /* Roboto-Medium.ttf in Resources */ = {isa = PBXBuildFile; fileRef = 01097AAD291A368500CD52B6 /* Roboto-Medium.ttf */; };
		01097AB8291A368500CD52B6 /* RobotoCondensed-Bold.ttf in Resources */ = {isa = PBXBuildFile; fileRef = 01097AAF291A368500CD52B6 /* RobotoCondensed-Bold.ttf */; };
		01097AB9291A368500CD52B6 /* RobotoCondensed-Light.ttf in Resources */ = {isa = PBXBuildFile; fileRef = 01097AB0291A368500CD52B6 /* RobotoCondensed-Light.ttf */; };
		01097ABA291A368500CD52B6 /* Roboto-Regular.ttf in Resources */ = {isa = PBXBuildFile; fileRef = 01097AB1291A368500CD52B6 /* Roboto-Regular.ttf */; };
		01097ABB291A368500CD52B6 /* RobotoCondensed-Regular.ttf in Resources */ = {isa = PBXBuildFile; fileRef = 01097AB2291A368500CD52B6 /* RobotoCondensed-Regular.ttf */; };
		01097ABC291A368500CD52B6 /* Roboto-Bold.ttf in Resources */ = {isa = PBXBuildFile; fileRef = 01097AB3291A368500CD52B6 /* Roboto-Bold.ttf */; };
		01097ABD291A368500CD52B6 /* Roboto-Thin.ttf in Resources */ = {isa = PBXBuildFile; fileRef = 01097AB4291A368500CD52B6 /* Roboto-Thin.ttf */; };
		01097ABE291A368500CD52B6 /* Roboto-Black.ttf in Resources */ = {isa = PBXBuildFile; fileRef = 01097AB5291A368500CD52B6 /* Roboto-Black.ttf */; };
		01171D712924D09400D63471 /* TransactionDetailVC.swift in Sources */ = {isa = PBXBuildFile; fileRef = 01171D702924D09300D63471 /* TransactionDetailVC.swift */; };
		0120C4BC29274AEF005CBFC7 /* HomeModel.swift in Sources */ = {isa = PBXBuildFile; fileRef = 0120C4BB29274AEF005CBFC7 /* HomeModel.swift */; };
		012F093B2927588B002BF2CB /* RecentSearchCell.swift in Sources */ = {isa = PBXBuildFile; fileRef = 012F093A2927588B002BF2CB /* RecentSearchCell.swift */; };
		014C064E2924C22500BF79EA /* Profile.storyboard in Resources */ = {isa = PBXBuildFile; fileRef = 014C064D2924C22500BF79EA /* Profile.storyboard */; };
		014C06502924C24F00BF79EA /* ProfileVC.swift in Sources */ = {isa = PBXBuildFile; fileRef = 014C064F2924C24F00BF79EA /* ProfileVC.swift */; };
		0156949A291A3C4800461042 /* Roboto-Light.ttf in Resources */ = {isa = PBXBuildFile; fileRef = 01569499291A3C4800461042 /* Roboto-Light.ttf */; };
		0156949C291A3CC800461042 /* WelcomeVC.swift in Sources */ = {isa = PBXBuildFile; fileRef = 0156949B291A3CC800461042 /* WelcomeVC.swift */; };
		0173BED12926399400FB381F /* TransactionModel.swift in Sources */ = {isa = PBXBuildFile; fileRef = 0173BED02926399400FB381F /* TransactionModel.swift */; };
		0178C760291A35290088ADCE /* Assets.xcassets in Resources */ = {isa = PBXBuildFile; fileRef = 0178C75F291A35290088ADCE /* Assets.xcassets */; };
		0178C763291A35290088ADCE /* LaunchScreen.storyboard in Resources */ = {isa = PBXBuildFile; fileRef = 0178C761291A35290088ADCE /* LaunchScreen.storyboard */; };
		01791E8329237E02008E4A28 /* InvoiceModel.swift in Sources */ = {isa = PBXBuildFile; fileRef = 01791E8229237E02008E4A28 /* InvoiceModel.swift */; };
		01791E85292386AC008E4A28 /* ShipmentModel.swift in Sources */ = {isa = PBXBuildFile; fileRef = 01791E84292386AC008E4A28 /* ShipmentModel.swift */; };
		01791E8C2923897A008E4A28 /* Track.storyboard in Resources */ = {isa = PBXBuildFile; fileRef = 01791E8B2923897A008E4A28 /* Track.storyboard */; };
		01791E8E29238993008E4A28 /* TrackVC.swift in Sources */ = {isa = PBXBuildFile; fileRef = 01791E8D29238993008E4A28 /* TrackVC.swift */; };
		01791E90292389B4008E4A28 /* TrackCell.swift in Sources */ = {isa = PBXBuildFile; fileRef = 01791E8F292389B4008E4A28 /* TrackCell.swift */; };
		01996940291B75F600926570 /* Book.storyboard in Resources */ = {isa = PBXBuildFile; fileRef = 0199693F291B75F600926570 /* Book.storyboard */; };
		01996942291B760100926570 /* Ship.storyboard in Resources */ = {isa = PBXBuildFile; fileRef = 01996941291B760100926570 /* Ship.storyboard */; };
		01996944291B760E00926570 /* Invoice.storyboard in Resources */ = {isa = PBXBuildFile; fileRef = 01996943291B760E00926570 /* Invoice.storyboard */; };
		01996946291B762700926570 /* InvoiceVC.swift in Sources */ = {isa = PBXBuildFile; fileRef = 01996945291B762700926570 /* InvoiceVC.swift */; };
		01996948291B763100926570 /* ShipVC.swift in Sources */ = {isa = PBXBuildFile; fileRef = 01996947291B763100926570 /* ShipVC.swift */; };
		0199694A291B763B00926570 /* BookVC.swift in Sources */ = {isa = PBXBuildFile; fileRef = 01996949291B763B00926570 /* BookVC.swift */; };
		0199694C291B76D000926570 /* HomeVC.swift in Sources */ = {isa = PBXBuildFile; fileRef = 0199694B291B76D000926570 /* HomeVC.swift */; };
		019A7449292372AF00E063F2 /* InvoiceCell.swift in Sources */ = {isa = PBXBuildFile; fileRef = 019A7448292372AF00E063F2 /* InvoiceCell.swift */; };
		01B54ECF2924CA5A0064B20F /* TransactionHistoryVC.swift in Sources */ = {isa = PBXBuildFile; fileRef = 01B54ECE2924CA5A0064B20F /* TransactionHistoryVC.swift */; };
		01B54ED12924CA770064B20F /* TransactionCell.swift in Sources */ = {isa = PBXBuildFile; fileRef = 01B54ED02924CA770064B20F /* TransactionCell.swift */; };
		01C66D75291CDC8000009733 /* SearchDropDownVC.swift in Sources */ = {isa = PBXBuildFile; fileRef = 01C66D74291CDC8000009733 /* SearchDropDownVC.swift */; };
		01C66D78291CDFAD00009733 /* CountryModel.swift in Sources */ = {isa = PBXBuildFile; fileRef = 01C66D77291CDFAD00009733 /* CountryModel.swift */; };
		01E42846291B698B004998F2 /* SignupIDVC.swift in Sources */ = {isa = PBXBuildFile; fileRef = 01E42845291B698B004998F2 /* SignupIDVC.swift */; };
		A8C84AE8CE9B0FA452AFBF9B /* Pods_EmjayGlobal.framework in Frameworks */ = {isa = PBXBuildFile; fileRef = 7446AC6DA987894D11B99490 /* Pods_EmjayGlobal.framework */; };
/* End PBXBuildFile section */

/* Begin PBXFileReference section */
		01059A6C291CBCD800F846D0 /* OverviewCell.swift */ = {isa = PBXFileReference; lastKnownFileType = sourcecode.swift; path = OverviewCell.swift; sourceTree = "<group>"; };
		01059A6D291CBCD800F846D0 /* OverviewCell.xib */ = {isa = PBXFileReference; lastKnownFileType = file.xib; path = OverviewCell.xib; sourceTree = "<group>"; };
		01059A71291CBCFD00F846D0 /* ContainerListCell.swift */ = {isa = PBXFileReference; lastKnownFileType = sourcecode.swift; path = ContainerListCell.swift; sourceTree = "<group>"; };
		01059A72291CBCFD00F846D0 /* ContainerListCell.xib */ = {isa = PBXFileReference; lastKnownFileType = file.xib; path = ContainerListCell.xib; sourceTree = "<group>"; };
		01059A76291CBD5900F846D0 /* TransportPlanCell.swift */ = {isa = PBXFileReference; lastKnownFileType = sourcecode.swift; path = TransportPlanCell.swift; sourceTree = "<group>"; };
		01059A77291CBD5900F846D0 /* TransportPlanCell.xib */ = {isa = PBXFileReference; lastKnownFileType = file.xib; path = TransportPlanCell.xib; sourceTree = "<group>"; };
		01097A68291A364300CD52B6 /* Home.storyboard */ = {isa = PBXFileReference; fileEncoding = 4; lastKnownFileType = file.storyboard; path = Home.storyboard; sourceTree = "<group>"; };
		01097A6F291A364300CD52B6 /* Auth.storyboard */ = {isa = PBXFileReference; fileEncoding = 4; lastKnownFileType = file.storyboard; path = Auth.storyboard; sourceTree = "<group>"; };
		01097A71291A364300CD52B6 /* LoginVC.swift */ = {isa = PBXFileReference; fileEncoding = 4; lastKnownFileType = sourcecode.swift; path = LoginVC.swift; sourceTree = "<group>"; };
		01097A72291A364300CD52B6 /* ChangePasswordVC.swift */ = {isa = PBXFileReference; fileEncoding = 4; lastKnownFileType = sourcecode.swift; path = ChangePasswordVC.swift; sourceTree = "<group>"; };
		01097A73291A364300CD52B6 /* SignupVC.swift */ = {isa = PBXFileReference; fileEncoding = 4; lastKnownFileType = sourcecode.swift; path = SignupVC.swift; sourceTree = "<group>"; };
		01097A74291A364300CD52B6 /* TermsAcceptVC.swift */ = {isa = PBXFileReference; fileEncoding = 4; lastKnownFileType = sourcecode.swift; path = TermsAcceptVC.swift; sourceTree = "<group>"; };
		01097A76291A364300CD52B6 /* BaseVC.swift */ = {isa = PBXFileReference; fileEncoding = 4; lastKnownFileType = sourcecode.swift; path = BaseVC.swift; sourceTree = "<group>"; };
		01097A78291A364300CD52B6 /* TabbarVC.swift */ = {isa = PBXFileReference; fileEncoding = 4; lastKnownFileType = sourcecode.swift; path = TabbarVC.swift; sourceTree = "<group>"; };
		01097A7A291A364300CD52B6 /* Constants.swift */ = {isa = PBXFileReference; fileEncoding = 4; lastKnownFileType = sourcecode.swift; path = Constants.swift; sourceTree = "<group>"; };
		01097A7B291A364300CD52B6 /* Validator.swift */ = {isa = PBXFileReference; fileEncoding = 4; lastKnownFileType = sourcecode.swift; path = Validator.swift; sourceTree = "<group>"; };
		01097A7C291A364300CD52B6 /* Util.swift */ = {isa = PBXFileReference; fileEncoding = 4; lastKnownFileType = sourcecode.swift; path = Util.swift; sourceTree = "<group>"; };
		01097A7F291A364300CD52B6 /* Extensions.swift */ = {isa = PBXFileReference; fileEncoding = 4; lastKnownFileType = sourcecode.swift; path = Extensions.swift; sourceTree = "<group>"; };
		01097A81291A364300CD52B6 /* ALF.swift */ = {isa = PBXFileReference; fileEncoding = 4; lastKnownFileType = sourcecode.swift; path = ALF.swift; sourceTree = "<group>"; };
		01097A82291A364300CD52B6 /* AFN.swift */ = {isa = PBXFileReference; fileEncoding = 4; lastKnownFileType = sourcecode.swift; path = AFN.swift; sourceTree = "<group>"; };
		01097A84291A364300CD52B6 /* AppDelegate.swift */ = {isa = PBXFileReference; fileEncoding = 4; lastKnownFileType = sourcecode.swift; path = AppDelegate.swift; sourceTree = "<group>"; };
		01097A85291A364300CD52B6 /* SceneDelegate.swift */ = {isa = PBXFileReference; fileEncoding = 4; lastKnownFileType = sourcecode.swift; path = SceneDelegate.swift; sourceTree = "<group>"; };
		01097A88291A364300CD52B6 /* PopupViewController.swift */ = {isa = PBXFileReference; fileEncoding = 4; lastKnownFileType = sourcecode.swift; path = PopupViewController.swift; sourceTree = "<group>"; };
		01097A8A291A364300CD52B6 /* ImagePicker.swift */ = {isa = PBXFileReference; fileEncoding = 4; lastKnownFileType = sourcecode.swift; path = ImagePicker.swift; sourceTree = "<group>"; };
		01097A8B291A364300CD52B6 /* AppStoryboards.swift */ = {isa = PBXFileReference; fileEncoding = 4; lastKnownFileType = sourcecode.swift; path = AppStoryboards.swift; sourceTree = "<group>"; };
		01097A8D291A364300CD52B6 /* SKToast.swift */ = {isa = PBXFileReference; fileEncoding = 4; lastKnownFileType = sourcecode.swift; path = SKToast.swift; sourceTree = "<group>"; };
		01097A8F291A364300CD52B6 /* RPicker.swift */ = {isa = PBXFileReference; fileEncoding = 4; lastKnownFileType = sourcecode.swift; path = RPicker.swift; sourceTree = "<group>"; };
		01097A91291A364300CD52B6 /* Reach.swift */ = {isa = PBXFileReference; fileEncoding = 4; lastKnownFileType = sourcecode.swift; path = Reach.swift; sourceTree = "<group>"; };
		01097A93291A364300CD52B6 /* User.swift */ = {isa = PBXFileReference; fileEncoding = 4; lastKnownFileType = sourcecode.swift; path = User.swift; sourceTree = "<group>"; };
		01097AAD291A368500CD52B6 /* Roboto-Medium.ttf */ = {isa = PBXFileReference; lastKnownFileType = file; path = "Roboto-Medium.ttf"; sourceTree = "<group>"; };
		01097AAF291A368500CD52B6 /* RobotoCondensed-Bold.ttf */ = {isa = PBXFileReference; lastKnownFileType = file; path = "RobotoCondensed-Bold.ttf"; sourceTree = "<group>"; };
		01097AB0291A368500CD52B6 /* RobotoCondensed-Light.ttf */ = {isa = PBXFileReference; lastKnownFileType = file; path = "RobotoCondensed-Light.ttf"; sourceTree = "<group>"; };
		01097AB1291A368500CD52B6 /* Roboto-Regular.ttf */ = {isa = PBXFileReference; lastKnownFileType = file; path = "Roboto-Regular.ttf"; sourceTree = "<group>"; };
		01097AB2291A368500CD52B6 /* RobotoCondensed-Regular.ttf */ = {isa = PBXFileReference; lastKnownFileType = file; path = "RobotoCondensed-Regular.ttf"; sourceTree = "<group>"; };
		01097AB3291A368500CD52B6 /* Roboto-Bold.ttf */ = {isa = PBXFileReference; lastKnownFileType = file; path = "Roboto-Bold.ttf"; sourceTree = "<group>"; };
		01097AB4291A368500CD52B6 /* Roboto-Thin.ttf */ = {isa = PBXFileReference; lastKnownFileType = file; path = "Roboto-Thin.ttf"; sourceTree = "<group>"; };
		01097AB5291A368500CD52B6 /* Roboto-Black.ttf */ = {isa = PBXFileReference; lastKnownFileType = file; path = "Roboto-Black.ttf"; sourceTree = "<group>"; };
		01171D702924D09300D63471 /* TransactionDetailVC.swift */ = {isa = PBXFileReference; lastKnownFileType = sourcecode.swift; path = TransactionDetailVC.swift; sourceTree = "<group>"; };
		0120C4BB29274AEF005CBFC7 /* HomeModel.swift */ = {isa = PBXFileReference; lastKnownFileType = sourcecode.swift; path = HomeModel.swift; sourceTree = "<group>"; };
		012F093A2927588B002BF2CB /* RecentSearchCell.swift */ = {isa = PBXFileReference; lastKnownFileType = sourcecode.swift; path = RecentSearchCell.swift; sourceTree = "<group>"; };
		014C064D2924C22500BF79EA /* Profile.storyboard */ = {isa = PBXFileReference; lastKnownFileType = file.storyboard; path = Profile.storyboard; sourceTree = "<group>"; };
		014C064F2924C24F00BF79EA /* ProfileVC.swift */ = {isa = PBXFileReference; lastKnownFileType = sourcecode.swift; path = ProfileVC.swift; sourceTree = "<group>"; };
		01569499291A3C4800461042 /* Roboto-Light.ttf */ = {isa = PBXFileReference; lastKnownFileType = file; name = "Roboto-Light.ttf"; path = "../../../../../../Downloads/Roboto/Roboto-Light.ttf"; sourceTree = "<group>"; };
		0156949B291A3CC800461042 /* WelcomeVC.swift */ = {isa = PBXFileReference; lastKnownFileType = sourcecode.swift; path = WelcomeVC.swift; sourceTree = "<group>"; };
		0173BED02926399400FB381F /* TransactionModel.swift */ = {isa = PBXFileReference; lastKnownFileType = sourcecode.swift; path = TransactionModel.swift; sourceTree = "<group>"; };
		0178C753291A35260088ADCE /* EmjayGlobal.app */ = {isa = PBXFileReference; explicitFileType = wrapper.application; includeInIndex = 0; path = EmjayGlobal.app; sourceTree = BUILT_PRODUCTS_DIR; };
		0178C75F291A35290088ADCE /* Assets.xcassets */ = {isa = PBXFileReference; lastKnownFileType = folder.assetcatalog; path = Assets.xcassets; sourceTree = "<group>"; };
		0178C762291A35290088ADCE /* Base */ = {isa = PBXFileReference; lastKnownFileType = file.storyboard; name = Base; path = Base.lproj/LaunchScreen.storyboard; sourceTree = "<group>"; };
		0178C764291A35290088ADCE /* Info.plist */ = {isa = PBXFileReference; lastKnownFileType = text.plist.xml; path = Info.plist; sourceTree = "<group>"; };
		01791E8229237E02008E4A28 /* InvoiceModel.swift */ = {isa = PBXFileReference; lastKnownFileType = sourcecode.swift; path = InvoiceModel.swift; sourceTree = "<group>"; };
		01791E84292386AC008E4A28 /* ShipmentModel.swift */ = {isa = PBXFileReference; lastKnownFileType = sourcecode.swift; path = ShipmentModel.swift; sourceTree = "<group>"; };
		01791E8B2923897A008E4A28 /* Track.storyboard */ = {isa = PBXFileReference; lastKnownFileType = file.storyboard; path = Track.storyboard; sourceTree = "<group>"; };
		01791E8D29238993008E4A28 /* TrackVC.swift */ = {isa = PBXFileReference; lastKnownFileType = sourcecode.swift; path = TrackVC.swift; sourceTree = "<group>"; };
		01791E8F292389B4008E4A28 /* TrackCell.swift */ = {isa = PBXFileReference; lastKnownFileType = sourcecode.swift; path = TrackCell.swift; sourceTree = "<group>"; };
		0199693F291B75F600926570 /* Book.storyboard */ = {isa = PBXFileReference; lastKnownFileType = file.storyboard; path = Book.storyboard; sourceTree = "<group>"; };
		01996941291B760100926570 /* Ship.storyboard */ = {isa = PBXFileReference; lastKnownFileType = file.storyboard; path = Ship.storyboard; sourceTree = "<group>"; };
		01996943291B760E00926570 /* Invoice.storyboard */ = {isa = PBXFileReference; lastKnownFileType = file.storyboard; path = Invoice.storyboard; sourceTree = "<group>"; };
		01996945291B762700926570 /* InvoiceVC.swift */ = {isa = PBXFileReference; lastKnownFileType = sourcecode.swift; path = InvoiceVC.swift; sourceTree = "<group>"; };
		01996947291B763100926570 /* ShipVC.swift */ = {isa = PBXFileReference; lastKnownFileType = sourcecode.swift; path = ShipVC.swift; sourceTree = "<group>"; };
		01996949291B763B00926570 /* BookVC.swift */ = {isa = PBXFileReference; lastKnownFileType = sourcecode.swift; path = BookVC.swift; sourceTree = "<group>"; };
		0199694B291B76D000926570 /* HomeVC.swift */ = {isa = PBXFileReference; lastKnownFileType = sourcecode.swift; path = HomeVC.swift; sourceTree = "<group>"; };
		019A7448292372AF00E063F2 /* InvoiceCell.swift */ = {isa = PBXFileReference; lastKnownFileType = sourcecode.swift; path = InvoiceCell.swift; sourceTree = "<group>"; };
		01B54ECE2924CA5A0064B20F /* TransactionHistoryVC.swift */ = {isa = PBXFileReference; lastKnownFileType = sourcecode.swift; path = TransactionHistoryVC.swift; sourceTree = "<group>"; };
		01B54ED02924CA770064B20F /* TransactionCell.swift */ = {isa = PBXFileReference; lastKnownFileType = sourcecode.swift; path = TransactionCell.swift; sourceTree = "<group>"; };
		01C66D74291CDC8000009733 /* SearchDropDownVC.swift */ = {isa = PBXFileReference; lastKnownFileType = sourcecode.swift; path = SearchDropDownVC.swift; sourceTree = "<group>"; };
		01C66D77291CDFAD00009733 /* CountryModel.swift */ = {isa = PBXFileReference; lastKnownFileType = sourcecode.swift; path = CountryModel.swift; sourceTree = "<group>"; };
		01E42845291B698B004998F2 /* SignupIDVC.swift */ = {isa = PBXFileReference; lastKnownFileType = sourcecode.swift; path = SignupIDVC.swift; sourceTree = "<group>"; };
		7446AC6DA987894D11B99490 /* Pods_EmjayGlobal.framework */ = {isa = PBXFileReference; explicitFileType = wrapper.framework; includeInIndex = 0; path = Pods_EmjayGlobal.framework; sourceTree = BUILT_PRODUCTS_DIR; };
		B3325ACED34E948470478C9B /* Pods-EmjayGlobal.release.xcconfig */ = {isa = PBXFileReference; includeInIndex = 1; lastKnownFileType = text.xcconfig; name = "Pods-EmjayGlobal.release.xcconfig"; path = "Target Support Files/Pods-EmjayGlobal/Pods-EmjayGlobal.release.xcconfig"; sourceTree = "<group>"; };
		F01AF89453F196957158B3FD /* Pods-EmjayGlobal.debug.xcconfig */ = {isa = PBXFileReference; includeInIndex = 1; lastKnownFileType = text.xcconfig; name = "Pods-EmjayGlobal.debug.xcconfig"; path = "Target Support Files/Pods-EmjayGlobal/Pods-EmjayGlobal.debug.xcconfig"; sourceTree = "<group>"; };
/* End PBXFileReference section */

/* Begin PBXFrameworksBuildPhase section */
		0178C750291A35260088ADCE /* Frameworks */ = {
			isa = PBXFrameworksBuildPhase;
			buildActionMask = 2147483647;
			files = (
				A8C84AE8CE9B0FA452AFBF9B /* Pods_EmjayGlobal.framework in Frameworks */,
			);
			runOnlyForDeploymentPostprocessing = 0;
		};
/* End PBXFrameworksBuildPhase section */

/* Begin PBXGroup section */
		01059A6B291CBCB200F846D0 /* Overview */ = {
			isa = PBXGroup;
			children = (
				01059A6C291CBCD800F846D0 /* OverviewCell.swift */,
				01059A6D291CBCD800F846D0 /* OverviewCell.xib */,
			);
			path = Overview;
			sourceTree = "<group>";
		};
		01059A70291CBCE600F846D0 /* Container */ = {
			isa = PBXGroup;
			children = (
				01059A71291CBCFD00F846D0 /* ContainerListCell.swift */,
				01059A72291CBCFD00F846D0 /* ContainerListCell.xib */,
			);
			path = Container;
			sourceTree = "<group>";
		};
		01059A75291CBD4300F846D0 /* TransportPlan */ = {
			isa = PBXGroup;
			children = (
				01059A76291CBD5900F846D0 /* TransportPlanCell.swift */,
				01059A77291CBD5900F846D0 /* TransportPlanCell.xib */,
			);
			path = TransportPlan;
			sourceTree = "<group>";
		};
		01097A65291A364300CD52B6 /* Modules */ = {
			isa = PBXGroup;
			children = (
				014C06482924C20200BF79EA /* Profile */,
				01791E8629238952008E4A28 /* Track */,
				01996932291B759600926570 /* Invoice */,
				01996931291B759000926570 /* Ship */,
				01996930291B758300926570 /* Book */,
				01097A66291A364300CD52B6 /* Home */,
				01097A6D291A364300CD52B6 /* Auth */,
				01097A75291A364300CD52B6 /* BaseVC */,
				01097A77291A364300CD52B6 /* Tabbar */,
			);
			path = Modules;
			sourceTree = "<group>";
		};
		01097A66291A364300CD52B6 /* Home */ = {
			isa = PBXGroup;
			children = (
				01097A67291A364300CD52B6 /* UI */,
				01097A69291A364300CD52B6 /* Model */,
				01097A6A291A364300CD52B6 /* Controllers */,
				01097A6B291A364300CD52B6 /* Views */,
			);
			path = Home;
			sourceTree = "<group>";
		};
		01097A67291A364300CD52B6 /* UI */ = {
			isa = PBXGroup;
			children = (
				01097A68291A364300CD52B6 /* Home.storyboard */,
			);
			path = UI;
			sourceTree = "<group>";
		};
		01097A69291A364300CD52B6 /* Model */ = {
			isa = PBXGroup;
			children = (
				0120C4BB29274AEF005CBFC7 /* HomeModel.swift */,
			);
			path = Model;
			sourceTree = "<group>";
		};
		01097A6A291A364300CD52B6 /* Controllers */ = {
			isa = PBXGroup;
			children = (
				0199694B291B76D000926570 /* HomeVC.swift */,
			);
			path = Controllers;
			sourceTree = "<group>";
		};
		01097A6B291A364300CD52B6 /* Views */ = {
			isa = PBXGroup;
			children = (
				01097A6C291A364300CD52B6 /* Cells */,
			);
			path = Views;
			sourceTree = "<group>";
		};
		01097A6C291A364300CD52B6 /* Cells */ = {
			isa = PBXGroup;
			children = (
				012F093A2927588B002BF2CB /* RecentSearchCell.swift */,
			);
			path = Cells;
			sourceTree = "<group>";
		};
		01097A6D291A364300CD52B6 /* Auth */ = {
			isa = PBXGroup;
			children = (
				01C66D76291CDF9900009733 /* Model */,
				01097A6E291A364300CD52B6 /* UI */,
				01097A70291A364300CD52B6 /* Controllers */,
			);
			path = Auth;
			sourceTree = "<group>";
		};
		01097A6E291A364300CD52B6 /* UI */ = {
			isa = PBXGroup;
			children = (
				01097A6F291A364300CD52B6 /* Auth.storyboard */,
			);
			path = UI;
			sourceTree = "<group>";
		};
		01097A70291A364300CD52B6 /* Controllers */ = {
			isa = PBXGroup;
			children = (
				01097A71291A364300CD52B6 /* LoginVC.swift */,
				01097A72291A364300CD52B6 /* ChangePasswordVC.swift */,
				01097A73291A364300CD52B6 /* SignupVC.swift */,
				01E42845291B698B004998F2 /* SignupIDVC.swift */,
				01097A74291A364300CD52B6 /* TermsAcceptVC.swift */,
				0156949B291A3CC800461042 /* WelcomeVC.swift */,
				01C66D74291CDC8000009733 /* SearchDropDownVC.swift */,
			);
			path = Controllers;
			sourceTree = "<group>";
		};
		01097A75291A364300CD52B6 /* BaseVC */ = {
			isa = PBXGroup;
			children = (
				01097A76291A364300CD52B6 /* BaseVC.swift */,
			);
			path = BaseVC;
			sourceTree = "<group>";
		};
		01097A77291A364300CD52B6 /* Tabbar */ = {
			isa = PBXGroup;
			children = (
				01097A78291A364300CD52B6 /* TabbarVC.swift */,
			);
			path = Tabbar;
			sourceTree = "<group>";
		};
		01097A79291A364300CD52B6 /* Utils */ = {
			isa = PBXGroup;
			children = (
				01097A7A291A364300CD52B6 /* Constants.swift */,
				01097A7B291A364300CD52B6 /* Validator.swift */,
				01097A7C291A364300CD52B6 /* Util.swift */,
			);
			path = Utils;
			sourceTree = "<group>";
		};
		01097A7D291A364300CD52B6 /* Views */ = {
			isa = PBXGroup;
			children = (
			);
			path = Views;
			sourceTree = "<group>";
		};
		01097A7E291A364300CD52B6 /* Extentions */ = {
			isa = PBXGroup;
			children = (
				01097A7F291A364300CD52B6 /* Extensions.swift */,
			);
			path = Extentions;
			sourceTree = "<group>";
		};
		01097A80291A364300CD52B6 /* Networking */ = {
			isa = PBXGroup;
			children = (
				01097A81291A364300CD52B6 /* ALF.swift */,
				01097A82291A364300CD52B6 /* AFN.swift */,
			);
			path = Networking;
			sourceTree = "<group>";
		};
		01097A83291A364300CD52B6 /* Application */ = {
			isa = PBXGroup;
			children = (
				01097A84291A364300CD52B6 /* AppDelegate.swift */,
				01097A85291A364300CD52B6 /* SceneDelegate.swift */,
			);
			path = Application;
			sourceTree = "<group>";
		};
		01097A86291A364300CD52B6 /* Libs */ = {
			isa = PBXGroup;
			children = (
				01097A87291A364300CD52B6 /* PopupViewController */,
				01097A89291A364300CD52B6 /* ImagePicker */,
				01097A8B291A364300CD52B6 /* AppStoryboards.swift */,
				01097A8C291A364300CD52B6 /* Toast */,
				01097A8E291A364300CD52B6 /* RDatePicker */,
				01097A90291A364300CD52B6 /* Reach */,
			);
			path = Libs;
			sourceTree = "<group>";
		};
		01097A87291A364300CD52B6 /* PopupViewController */ = {
			isa = PBXGroup;
			children = (
				01097A88291A364300CD52B6 /* PopupViewController.swift */,
			);
			path = PopupViewController;
			sourceTree = "<group>";
		};
		01097A89291A364300CD52B6 /* ImagePicker */ = {
			isa = PBXGroup;
			children = (
				01097A8A291A364300CD52B6 /* ImagePicker.swift */,
			);
			path = ImagePicker;
			sourceTree = "<group>";
		};
		01097A8C291A364300CD52B6 /* Toast */ = {
			isa = PBXGroup;
			children = (
				01097A8D291A364300CD52B6 /* SKToast.swift */,
			);
			path = Toast;
			sourceTree = "<group>";
		};
		01097A8E291A364300CD52B6 /* RDatePicker */ = {
			isa = PBXGroup;
			children = (
				01097A8F291A364300CD52B6 /* RPicker.swift */,
			);
			path = RDatePicker;
			sourceTree = "<group>";
		};
		01097A90291A364300CD52B6 /* Reach */ = {
			isa = PBXGroup;
			children = (
				01097A91291A364300CD52B6 /* Reach.swift */,
			);
			path = Reach;
			sourceTree = "<group>";
		};
		01097A92291A364300CD52B6 /* Models */ = {
			isa = PBXGroup;
			children = (
				01097A93291A364300CD52B6 /* User.swift */,
			);
			path = Models;
			sourceTree = "<group>";
		};
		01097AAB291A365100CD52B6 /* Resources */ = {
			isa = PBXGroup;
			children = (
				01097AAC291A368500CD52B6 /* Fonts */,
				0178C75F291A35290088ADCE /* Assets.xcassets */,
				0178C761291A35290088ADCE /* LaunchScreen.storyboard */,
				0178C764291A35290088ADCE /* Info.plist */,
			);
			path = Resources;
			sourceTree = "<group>";
		};
		01097AAC291A368500CD52B6 /* Fonts */ = {
			isa = PBXGroup;
			children = (
				01097AAD291A368500CD52B6 /* Roboto-Medium.ttf */,
				01097AAF291A368500CD52B6 /* RobotoCondensed-Bold.ttf */,
				01097AB0291A368500CD52B6 /* RobotoCondensed-Light.ttf */,
				01569499291A3C4800461042 /* Roboto-Light.ttf */,
				01097AB1291A368500CD52B6 /* Roboto-Regular.ttf */,
				01097AB2291A368500CD52B6 /* RobotoCondensed-Regular.ttf */,
				01097AB3291A368500CD52B6 /* Roboto-Bold.ttf */,
				01097AB4291A368500CD52B6 /* Roboto-Thin.ttf */,
				01097AB5291A368500CD52B6 /* Roboto-Black.ttf */,
			);
			path = Fonts;
			sourceTree = "<group>";
		};
		014C06482924C20200BF79EA /* Profile */ = {
			isa = PBXGroup;
			children = (
				014C064C2924C21800BF79EA /* Views */,
				014C064B2924C21300BF79EA /* Model */,
				014C064A2924C20E00BF79EA /* Controller */,
				014C06492924C20900BF79EA /* UI */,
			);
			path = Profile;
			sourceTree = "<group>";
		};
		014C06492924C20900BF79EA /* UI */ = {
			isa = PBXGroup;
			children = (
				014C064D2924C22500BF79EA /* Profile.storyboard */,
			);
			path = UI;
			sourceTree = "<group>";
		};
		014C064A2924C20E00BF79EA /* Controller */ = {
			isa = PBXGroup;
			children = (
				014C064F2924C24F00BF79EA /* ProfileVC.swift */,
				01B54ECE2924CA5A0064B20F /* TransactionHistoryVC.swift */,
				01171D702924D09300D63471 /* TransactionDetailVC.swift */,
			);
			path = Controller;
			sourceTree = "<group>";
		};
		014C064B2924C21300BF79EA /* Model */ = {
			isa = PBXGroup;
			children = (
				0173BED02926399400FB381F /* TransactionModel.swift */,
			);
			path = Model;
			sourceTree = "<group>";
		};
		014C064C2924C21800BF79EA /* Views */ = {
			isa = PBXGroup;
			children = (
				01B54ED02924CA770064B20F /* TransactionCell.swift */,
			);
			path = Views;
			sourceTree = "<group>";
		};
		0178C74A291A35260088ADCE = {
			isa = PBXGroup;
			children = (
				0178C755291A35260088ADCE /* EmjayGlobal */,
				0178C754291A35260088ADCE /* Products */,
				F9BF9C567A734E03521878D6 /* Pods */,
				8511F72683FEE22660B3BEDE /* Frameworks */,
			);
			sourceTree = "<group>";
		};
		0178C754291A35260088ADCE /* Products */ = {
			isa = PBXGroup;
			children = (
				0178C753291A35260088ADCE /* EmjayGlobal.app */,
			);
			name = Products;
			sourceTree = "<group>";
		};
		0178C755291A35260088ADCE /* EmjayGlobal */ = {
			isa = PBXGroup;
			children = (
				01097A83291A364300CD52B6 /* Application */,
				01097A80291A364300CD52B6 /* Networking */,
				01097A7E291A364300CD52B6 /* Extentions */,
				01097A86291A364300CD52B6 /* Libs */,
				01097A92291A364300CD52B6 /* Models */,
				01097A79291A364300CD52B6 /* Utils */,
				01097A7D291A364300CD52B6 /* Views */,
				01097A65291A364300CD52B6 /* Modules */,
				01097AAB291A365100CD52B6 /* Resources */,
			);
			path = EmjayGlobal;
			sourceTree = "<group>";
		};
		01791E8629238952008E4A28 /* Track */ = {
			isa = PBXGroup;
			children = (
				01791E8A2923896D008E4A28 /* Views */,
				01791E8929238968008E4A28 /* Model */,
				01791E8829238962008E4A28 /* Controller */,
				01791E872923895B008E4A28 /* UI */,
			);
			path = Track;
			sourceTree = "<group>";
		};
		01791E872923895B008E4A28 /* UI */ = {
			isa = PBXGroup;
			children = (
				01791E8B2923897A008E4A28 /* Track.storyboard */,
			);
			path = UI;
			sourceTree = "<group>";
		};
		01791E8829238962008E4A28 /* Controller */ = {
			isa = PBXGroup;
			children = (
				01791E8D29238993008E4A28 /* TrackVC.swift */,
			);
			path = Controller;
			sourceTree = "<group>";
		};
		01791E8929238968008E4A28 /* Model */ = {
			isa = PBXGroup;
			children = (
			);
			path = Model;
			sourceTree = "<group>";
		};
		01791E8A2923896D008E4A28 /* Views */ = {
			isa = PBXGroup;
			children = (
				01791E8F292389B4008E4A28 /* TrackCell.swift */,
			);
			path = Views;
			sourceTree = "<group>";
		};
		01996930291B758300926570 /* Book */ = {
			isa = PBXGroup;
			children = (
				0199693A291B75CF00926570 /* Views */,
				01996939291B75CA00926570 /* Model */,
				01996938291B75C000926570 /* Controller */,
				01996937291B75BB00926570 /* UI */,
			);
			path = Book;
			sourceTree = "<group>";
		};
		01996931291B759000926570 /* Ship */ = {
			isa = PBXGroup;
			children = (
				0199693C291B75D900926570 /* Views */,
				0199693B291B75D400926570 /* Model */,
				01996936291B75B600926570 /* Controller */,
				01996935291B75B100926570 /* UI */,
			);
			path = Ship;
			sourceTree = "<group>";
		};
		01996932291B759600926570 /* Invoice */ = {
			isa = PBXGroup;
			children = (
				0199693E291B75E200926570 /* Views */,
				0199693D291B75DD00926570 /* Model */,
				01996934291B75A800926570 /* Controllers */,
				01996933291B75A400926570 /* UI */,
			);
			path = Invoice;
			sourceTree = "<group>";
		};
		01996933291B75A400926570 /* UI */ = {
			isa = PBXGroup;
			children = (
				01996943291B760E00926570 /* Invoice.storyboard */,
			);
			path = UI;
			sourceTree = "<group>";
		};
		01996934291B75A800926570 /* Controllers */ = {
			isa = PBXGroup;
			children = (
				01996945291B762700926570 /* InvoiceVC.swift */,
			);
			path = Controllers;
			sourceTree = "<group>";
		};
		01996935291B75B100926570 /* UI */ = {
			isa = PBXGroup;
			children = (
				01996941291B760100926570 /* Ship.storyboard */,
			);
			path = UI;
			sourceTree = "<group>";
		};
		01996936291B75B600926570 /* Controller */ = {
			isa = PBXGroup;
			children = (
				01996947291B763100926570 /* ShipVC.swift */,
			);
			path = Controller;
			sourceTree = "<group>";
		};
		01996937291B75BB00926570 /* UI */ = {
			isa = PBXGroup;
			children = (
				0199693F291B75F600926570 /* Book.storyboard */,
			);
			path = UI;
			sourceTree = "<group>";
		};
		01996938291B75C000926570 /* Controller */ = {
			isa = PBXGroup;
			children = (
				01996949291B763B00926570 /* BookVC.swift */,
			);
			path = Controller;
			sourceTree = "<group>";
		};
		01996939291B75CA00926570 /* Model */ = {
			isa = PBXGroup;
			children = (
			);
			path = Model;
			sourceTree = "<group>";
		};
		0199693A291B75CF00926570 /* Views */ = {
			isa = PBXGroup;
			children = (
			);
			path = Views;
			sourceTree = "<group>";
		};
		0199693B291B75D400926570 /* Model */ = {
			isa = PBXGroup;
			children = (
				01791E84292386AC008E4A28 /* ShipmentModel.swift */,
			);
			path = Model;
			sourceTree = "<group>";
		};
		0199693C291B75D900926570 /* Views */ = {
			isa = PBXGroup;
			children = (
				01059A75291CBD4300F846D0 /* TransportPlan */,
				01059A70291CBCE600F846D0 /* Container */,
				01059A6B291CBCB200F846D0 /* Overview */,
			);
			path = Views;
			sourceTree = "<group>";
		};
		0199693D291B75DD00926570 /* Model */ = {
			isa = PBXGroup;
			children = (
				01791E8229237E02008E4A28 /* InvoiceModel.swift */,
			);
			path = Model;
			sourceTree = "<group>";
		};
		0199693E291B75E200926570 /* Views */ = {
			isa = PBXGroup;
			children = (
				019A7448292372AF00E063F2 /* InvoiceCell.swift */,
			);
			path = Views;
			sourceTree = "<group>";
		};
		01C66D76291CDF9900009733 /* Model */ = {
			isa = PBXGroup;
			children = (
				01C66D77291CDFAD00009733 /* CountryModel.swift */,
			);
			path = Model;
			sourceTree = "<group>";
		};
		8511F72683FEE22660B3BEDE /* Frameworks */ = {
			isa = PBXGroup;
			children = (
				7446AC6DA987894D11B99490 /* Pods_EmjayGlobal.framework */,
			);
			name = Frameworks;
			sourceTree = "<group>";
		};
		F9BF9C567A734E03521878D6 /* Pods */ = {
			isa = PBXGroup;
			children = (
				F01AF89453F196957158B3FD /* Pods-EmjayGlobal.debug.xcconfig */,
				B3325ACED34E948470478C9B /* Pods-EmjayGlobal.release.xcconfig */,
			);
			path = Pods;
			sourceTree = "<group>";
		};
/* End PBXGroup section */

/* Begin PBXNativeTarget section */
		0178C752291A35260088ADCE /* EmjayGlobal */ = {
			isa = PBXNativeTarget;
			buildConfigurationList = 0178C767291A35290088ADCE /* Build configuration list for PBXNativeTarget "EmjayGlobal" */;
			buildPhases = (
				9815D1247F24D14B2516AD99 /* [CP] Check Pods Manifest.lock */,
				0178C74F291A35260088ADCE /* Sources */,
				0178C750291A35260088ADCE /* Frameworks */,
				0178C751291A35260088ADCE /* Resources */,
				C6E29BAFA9AE31C3D300A844 /* [CP] Embed Pods Frameworks */,
			);
			buildRules = (
			);
			dependencies = (
			);
			name = EmjayGlobal;
			productName = EmjayGlobal;
			productReference = 0178C753291A35260088ADCE /* EmjayGlobal.app */;
			productType = "com.apple.product-type.application";
		};
/* End PBXNativeTarget section */

/* Begin PBXProject section */
		0178C74B291A35260088ADCE /* Project object */ = {
			isa = PBXProject;
			attributes = {
				BuildIndependentTargetsInParallel = 1;
				LastSwiftUpdateCheck = 1400;
				LastUpgradeCheck = 1400;
				TargetAttributes = {
					0178C752291A35260088ADCE = {
						CreatedOnToolsVersion = 14.0.1;
					};
				};
			};
			buildConfigurationList = 0178C74E291A35260088ADCE /* Build configuration list for PBXProject "EmjayGlobal" */;
			compatibilityVersion = "Xcode 13.0";
			developmentRegion = en;
			hasScannedForEncodings = 0;
			knownRegions = (
				en,
				Base,
			);
			mainGroup = 0178C74A291A35260088ADCE;
			productRefGroup = 0178C754291A35260088ADCE /* Products */;
			projectDirPath = "";
			projectRoot = "";
			targets = (
				0178C752291A35260088ADCE /* EmjayGlobal */,
			);
		};
/* End PBXProject section */

/* Begin PBXResourcesBuildPhase section */
		0178C751291A35260088ADCE /* Resources */ = {
			isa = PBXResourcesBuildPhase;
			buildActionMask = 2147483647;
			files = (
				01097AB6291A368500CD52B6 /* Roboto-Medium.ttf in Resources */,
				01996942291B760100926570 /* Ship.storyboard in Resources */,
				0178C763291A35290088ADCE /* LaunchScreen.storyboard in Resources */,
				01059A74291CBCFD00F846D0 /* ContainerListCell.xib in Resources */,
				01097AB9291A368500CD52B6 /* RobotoCondensed-Light.ttf in Resources */,
				01996940291B75F600926570 /* Book.storyboard in Resources */,
				0156949A291A3C4800461042 /* Roboto-Light.ttf in Resources */,
				01996944291B760E00926570 /* Invoice.storyboard in Resources */,
				01059A6F291CBCD800F846D0 /* OverviewCell.xib in Resources */,
				01097ABC291A368500CD52B6 /* Roboto-Bold.ttf in Resources */,
				0178C760291A35290088ADCE /* Assets.xcassets in Resources */,
				01097AB8291A368500CD52B6 /* RobotoCondensed-Bold.ttf in Resources */,
				014C064E2924C22500BF79EA /* Profile.storyboard in Resources */,
				01097ABA291A368500CD52B6 /* Roboto-Regular.ttf in Resources */,
				01097ABD291A368500CD52B6 /* Roboto-Thin.ttf in Resources */,
				01097ABE291A368500CD52B6 /* Roboto-Black.ttf in Resources */,
				01097A95291A364300CD52B6 /* Auth.storyboard in Resources */,
				01791E8C2923897A008E4A28 /* Track.storyboard in Resources */,
				01097ABB291A368500CD52B6 /* RobotoCondensed-Regular.ttf in Resources */,
				01059A79291CBD5900F846D0 /* TransportPlanCell.xib in Resources */,
				01097A94291A364300CD52B6 /* Home.storyboard in Resources */,
			);
			runOnlyForDeploymentPostprocessing = 0;
		};
/* End PBXResourcesBuildPhase section */

/* Begin PBXShellScriptBuildPhase section */
		9815D1247F24D14B2516AD99 /* [CP] Check Pods Manifest.lock */ = {
			isa = PBXShellScriptBuildPhase;
			buildActionMask = 2147483647;
			files = (
			);
			inputFileListPaths = (
			);
			inputPaths = (
				"${PODS_PODFILE_DIR_PATH}/Podfile.lock",
				"${PODS_ROOT}/Manifest.lock",
			);
			name = "[CP] Check Pods Manifest.lock";
			outputFileListPaths = (
			);
			outputPaths = (
				"$(DERIVED_FILE_DIR)/Pods-EmjayGlobal-checkManifestLockResult.txt",
			);
			runOnlyForDeploymentPostprocessing = 0;
			shellPath = /bin/sh;
			shellScript = "diff \"${PODS_PODFILE_DIR_PATH}/Podfile.lock\" \"${PODS_ROOT}/Manifest.lock\" > /dev/null\nif [ $? != 0 ] ; then\n    # print error to STDERR\n    echo \"error: The sandbox is not in sync with the Podfile.lock. Run 'pod install' or update your CocoaPods installation.\" >&2\n    exit 1\nfi\n# This output is used by Xcode 'outputs' to avoid re-running this script phase.\necho \"SUCCESS\" > \"${SCRIPT_OUTPUT_FILE_0}\"\n";
			showEnvVarsInLog = 0;
		};
		C6E29BAFA9AE31C3D300A844 /* [CP] Embed Pods Frameworks */ = {
			isa = PBXShellScriptBuildPhase;
			buildActionMask = 2147483647;
			files = (
			);
			inputFileListPaths = (
				"${PODS_ROOT}/Target Support Files/Pods-EmjayGlobal/Pods-EmjayGlobal-frameworks-${CONFIGURATION}-input-files.xcfilelist",
			);
			name = "[CP] Embed Pods Frameworks";
			outputFileListPaths = (
				"${PODS_ROOT}/Target Support Files/Pods-EmjayGlobal/Pods-EmjayGlobal-frameworks-${CONFIGURATION}-output-files.xcfilelist",
			);
			runOnlyForDeploymentPostprocessing = 0;
			shellPath = /bin/sh;
			shellScript = "\"${PODS_ROOT}/Target Support Files/Pods-EmjayGlobal/Pods-EmjayGlobal-frameworks.sh\"\n";
			showEnvVarsInLog = 0;
		};
/* End PBXShellScriptBuildPhase section */

/* Begin PBXSourcesBuildPhase section */
		0178C74F291A35260088ADCE /* Sources */ = {
			isa = PBXSourcesBuildPhase;
			buildActionMask = 2147483647;
			files = (
				012F093B2927588B002BF2CB /* RecentSearchCell.swift in Sources */,
				01097AA6291A364300CD52B6 /* AppStoryboards.swift in Sources */,
				01171D712924D09400D63471 /* TransactionDetailVC.swift in Sources */,
				01B54ECF2924CA5A0064B20F /* TransactionHistoryVC.swift in Sources */,
				01059A73291CBCFD00F846D0 /* ContainerListCell.swift in Sources */,
				01097A98291A364300CD52B6 /* SignupVC.swift in Sources */,
				01097A9B291A364300CD52B6 /* TabbarVC.swift in Sources */,
				0199694C291B76D000926570 /* HomeVC.swift in Sources */,
				01097AA0291A364300CD52B6 /* ALF.swift in Sources */,
				01097AA1291A364300CD52B6 /* AFN.swift in Sources */,
				01097AA4291A364300CD52B6 /* PopupViewController.swift in Sources */,
				01097AA5291A364300CD52B6 /* ImagePicker.swift in Sources */,
				01097AA9291A364300CD52B6 /* Reach.swift in Sources */,
				01996946291B762700926570 /* InvoiceVC.swift in Sources */,
				01097AA7291A364300CD52B6 /* SKToast.swift in Sources */,
				0156949C291A3CC800461042 /* WelcomeVC.swift in Sources */,
				01097A9A291A364300CD52B6 /* BaseVC.swift in Sources */,
				01791E8E29238993008E4A28 /* TrackVC.swift in Sources */,
				01097AA3291A364300CD52B6 /* SceneDelegate.swift in Sources */,
				0173BED12926399400FB381F /* TransactionModel.swift in Sources */,
				01097A9D291A364300CD52B6 /* Validator.swift in Sources */,
				01791E85292386AC008E4A28 /* ShipmentModel.swift in Sources */,
				01097AA2291A364300CD52B6 /* AppDelegate.swift in Sources */,
				01996948291B763100926570 /* ShipVC.swift in Sources */,
				01C66D78291CDFAD00009733 /* CountryModel.swift in Sources */,
				01097A9C291A364300CD52B6 /* Constants.swift in Sources */,
				014C06502924C24F00BF79EA /* ProfileVC.swift in Sources */,
				01097A9E291A364300CD52B6 /* Util.swift in Sources */,
				01791E8329237E02008E4A28 /* InvoiceModel.swift in Sources */,
				01097A9F291A364300CD52B6 /* Extensions.swift in Sources */,
				019A7449292372AF00E063F2 /* InvoiceCell.swift in Sources */,
				01059A6E291CBCD800F846D0 /* OverviewCell.swift in Sources */,
				01C66D75291CDC8000009733 /* SearchDropDownVC.swift in Sources */,
				01059A78291CBD5900F846D0 /* TransportPlanCell.swift in Sources */,
				0120C4BC29274AEF005CBFC7 /* HomeModel.swift in Sources */,
				01791E90292389B4008E4A28 /* TrackCell.swift in Sources */,
				01097A99291A364300CD52B6 /* TermsAcceptVC.swift in Sources */,
				01097AA8291A364300CD52B6 /* RPicker.swift in Sources */,
				0199694A291B763B00926570 /* BookVC.swift in Sources */,
				01097AAA291A364300CD52B6 /* User.swift in Sources */,
				01E42846291B698B004998F2 /* SignupIDVC.swift in Sources */,
				01097A97291A364300CD52B6 /* ChangePasswordVC.swift in Sources */,
				01B54ED12924CA770064B20F /* TransactionCell.swift in Sources */,
				01097A96291A364300CD52B6 /* LoginVC.swift in Sources */,
			);
			runOnlyForDeploymentPostprocessing = 0;
		};
/* End PBXSourcesBuildPhase section */

/* Begin PBXVariantGroup section */
		0178C761291A35290088ADCE /* LaunchScreen.storyboard */ = {
			isa = PBXVariantGroup;
			children = (
				0178C762291A35290088ADCE /* Base */,
			);
			name = LaunchScreen.storyboard;
			sourceTree = "<group>";
		};
/* End PBXVariantGroup section */

/* Begin XCBuildConfiguration section */
		0178C765291A35290088ADCE /* Debug */ = {
			isa = XCBuildConfiguration;
			buildSettings = {
				ALWAYS_SEARCH_USER_PATHS = NO;
				CLANG_ANALYZER_NONNULL = YES;
				CLANG_ANALYZER_NUMBER_OBJECT_CONVERSION = YES_AGGRESSIVE;
				CLANG_CXX_LANGUAGE_STANDARD = "gnu++20";
				CLANG_ENABLE_MODULES = YES;
				CLANG_ENABLE_OBJC_ARC = YES;
				CLANG_ENABLE_OBJC_WEAK = YES;
				CLANG_WARN_BLOCK_CAPTURE_AUTORELEASING = YES;
				CLANG_WARN_BOOL_CONVERSION = YES;
				CLANG_WARN_COMMA = YES;
				CLANG_WARN_CONSTANT_CONVERSION = YES;
				CLANG_WARN_DEPRECATED_OBJC_IMPLEMENTATIONS = YES;
				CLANG_WARN_DIRECT_OBJC_ISA_USAGE = YES_ERROR;
				CLANG_WARN_DOCUMENTATION_COMMENTS = YES;
				CLANG_WARN_EMPTY_BODY = YES;
				CLANG_WARN_ENUM_CONVERSION = YES;
				CLANG_WARN_INFINITE_RECURSION = YES;
				CLANG_WARN_INT_CONVERSION = YES;
				CLANG_WARN_NON_LITERAL_NULL_CONVERSION = YES;
				CLANG_WARN_OBJC_IMPLICIT_RETAIN_SELF = YES;
				CLANG_WARN_OBJC_LITERAL_CONVERSION = YES;
				CLANG_WARN_OBJC_ROOT_CLASS = YES_ERROR;
				CLANG_WARN_QUOTED_INCLUDE_IN_FRAMEWORK_HEADER = YES;
				CLANG_WARN_RANGE_LOOP_ANALYSIS = YES;
				CLANG_WARN_STRICT_PROTOTYPES = YES;
				CLANG_WARN_SUSPICIOUS_MOVE = YES;
				CLANG_WARN_UNGUARDED_AVAILABILITY = YES_AGGRESSIVE;
				CLANG_WARN_UNREACHABLE_CODE = YES;
				CLANG_WARN__DUPLICATE_METHOD_MATCH = YES;
				COPY_PHASE_STRIP = NO;
				DEBUG_INFORMATION_FORMAT = dwarf;
				ENABLE_STRICT_OBJC_MSGSEND = YES;
				ENABLE_TESTABILITY = YES;
				GCC_C_LANGUAGE_STANDARD = gnu11;
				GCC_DYNAMIC_NO_PIC = NO;
				GCC_NO_COMMON_BLOCKS = YES;
				GCC_OPTIMIZATION_LEVEL = 0;
				GCC_PREPROCESSOR_DEFINITIONS = (
					"DEBUG=1",
					"$(inherited)",
				);
				GCC_WARN_64_TO_32_BIT_CONVERSION = YES;
				GCC_WARN_ABOUT_RETURN_TYPE = YES_ERROR;
				GCC_WARN_UNDECLARED_SELECTOR = YES;
				GCC_WARN_UNINITIALIZED_AUTOS = YES_AGGRESSIVE;
				GCC_WARN_UNUSED_FUNCTION = YES;
				GCC_WARN_UNUSED_VARIABLE = YES;
				IPHONEOS_DEPLOYMENT_TARGET = 16.0;
				MTL_ENABLE_DEBUG_INFO = INCLUDE_SOURCE;
				MTL_FAST_MATH = YES;
				ONLY_ACTIVE_ARCH = YES;
				SDKROOT = iphoneos;
				SWIFT_ACTIVE_COMPILATION_CONDITIONS = DEBUG;
				SWIFT_OPTIMIZATION_LEVEL = "-Onone";
			};
			name = Debug;
		};
		0178C766291A35290088ADCE /* Release */ = {
			isa = XCBuildConfiguration;
			buildSettings = {
				ALWAYS_SEARCH_USER_PATHS = NO;
				CLANG_ANALYZER_NONNULL = YES;
				CLANG_ANALYZER_NUMBER_OBJECT_CONVERSION = YES_AGGRESSIVE;
				CLANG_CXX_LANGUAGE_STANDARD = "gnu++20";
				CLANG_ENABLE_MODULES = YES;
				CLANG_ENABLE_OBJC_ARC = YES;
				CLANG_ENABLE_OBJC_WEAK = YES;
				CLANG_WARN_BLOCK_CAPTURE_AUTORELEASING = YES;
				CLANG_WARN_BOOL_CONVERSION = YES;
				CLANG_WARN_COMMA = YES;
				CLANG_WARN_CONSTANT_CONVERSION = YES;
				CLANG_WARN_DEPRECATED_OBJC_IMPLEMENTATIONS = YES;
				CLANG_WARN_DIRECT_OBJC_ISA_USAGE = YES_ERROR;
				CLANG_WARN_DOCUMENTATION_COMMENTS = YES;
				CLANG_WARN_EMPTY_BODY = YES;
				CLANG_WARN_ENUM_CONVERSION = YES;
				CLANG_WARN_INFINITE_RECURSION = YES;
				CLANG_WARN_INT_CONVERSION = YES;
				CLANG_WARN_NON_LITERAL_NULL_CONVERSION = YES;
				CLANG_WARN_OBJC_IMPLICIT_RETAIN_SELF = YES;
				CLANG_WARN_OBJC_LITERAL_CONVERSION = YES;
				CLANG_WARN_OBJC_ROOT_CLASS = YES_ERROR;
				CLANG_WARN_QUOTED_INCLUDE_IN_FRAMEWORK_HEADER = YES;
				CLANG_WARN_RANGE_LOOP_ANALYSIS = YES;
				CLANG_WARN_STRICT_PROTOTYPES = YES;
				CLANG_WARN_SUSPICIOUS_MOVE = YES;
				CLANG_WARN_UNGUARDED_AVAILABILITY = YES_AGGRESSIVE;
				CLANG_WARN_UNREACHABLE_CODE = YES;
				CLANG_WARN__DUPLICATE_METHOD_MATCH = YES;
				COPY_PHASE_STRIP = NO;
				DEBUG_INFORMATION_FORMAT = "dwarf-with-dsym";
				ENABLE_NS_ASSERTIONS = NO;
				ENABLE_STRICT_OBJC_MSGSEND = YES;
				GCC_C_LANGUAGE_STANDARD = gnu11;
				GCC_NO_COMMON_BLOCKS = YES;
				GCC_WARN_64_TO_32_BIT_CONVERSION = YES;
				GCC_WARN_ABOUT_RETURN_TYPE = YES_ERROR;
				GCC_WARN_UNDECLARED_SELECTOR = YES;
				GCC_WARN_UNINITIALIZED_AUTOS = YES_AGGRESSIVE;
				GCC_WARN_UNUSED_FUNCTION = YES;
				GCC_WARN_UNUSED_VARIABLE = YES;
				IPHONEOS_DEPLOYMENT_TARGET = 16.0;
				MTL_ENABLE_DEBUG_INFO = NO;
				MTL_FAST_MATH = YES;
				SDKROOT = iphoneos;
				SWIFT_COMPILATION_MODE = wholemodule;
				SWIFT_OPTIMIZATION_LEVEL = "-O";
				VALIDATE_PRODUCT = YES;
			};
			name = Release;
		};
		0178C768291A35290088ADCE /* Debug */ = {
			isa = XCBuildConfiguration;
			baseConfigurationReference = F01AF89453F196957158B3FD /* Pods-EmjayGlobal.debug.xcconfig */;
			buildSettings = {
				ASSETCATALOG_COMPILER_APPICON_NAME = AppIcon;
				ASSETCATALOG_COMPILER_GLOBAL_ACCENT_COLOR_NAME = AccentColor;
				CODE_SIGN_STYLE = Automatic;
				CURRENT_PROJECT_VERSION = 1;
				DEVELOPMENT_TEAM = JW8L5U746W;
				GENERATE_INFOPLIST_FILE = YES;
				INFOPLIST_FILE = EmjayGlobal/Resources/Info.plist;
				INFOPLIST_KEY_UIApplicationSupportsIndirectInputEvents = YES;
				INFOPLIST_KEY_UILaunchStoryboardName = LaunchScreen;
				INFOPLIST_KEY_UIMainStoryboardFile = Auth;
				INFOPLIST_KEY_UISupportedInterfaceOrientations = UIInterfaceOrientationPortrait;
				INFOPLIST_KEY_UISupportedInterfaceOrientations_iPad = "UIInterfaceOrientationLandscapeLeft UIInterfaceOrientationLandscapeRight UIInterfaceOrientationPortrait UIInterfaceOrientationPortraitUpsideDown";
				LD_RUNPATH_SEARCH_PATHS = (
					"$(inherited)",
					"@executable_path/Frameworks",
				);
				MARKETING_VERSION = 1.0;
				PRODUCT_BUNDLE_IDENTIFIER = emjayglobal.app;
				PRODUCT_NAME = "$(TARGET_NAME)";
				SUPPORTED_PLATFORMS = "iphoneos iphonesimulator";
				SUPPORTS_MACCATALYST = NO;
				SUPPORTS_MAC_DESIGNED_FOR_IPHONE_IPAD = NO;
				SWIFT_EMIT_LOC_STRINGS = YES;
				SWIFT_VERSION = 5.0;
				TARGETED_DEVICE_FAMILY = 1;
			};
			name = Debug;
		};
		0178C769291A35290088ADCE /* Release */ = {
			isa = XCBuildConfiguration;
			baseConfigurationReference = B3325ACED34E948470478C9B /* Pods-EmjayGlobal.release.xcconfig */;
			buildSettings = {
				ASSETCATALOG_COMPILER_APPICON_NAME = AppIcon;
				ASSETCATALOG_COMPILER_GLOBAL_ACCENT_COLOR_NAME = AccentColor;
				CODE_SIGN_STYLE = Automatic;
				CURRENT_PROJECT_VERSION = 1;
				DEVELOPMENT_TEAM = JW8L5U746W;
				GENERATE_INFOPLIST_FILE = YES;
				INFOPLIST_FILE = EmjayGlobal/Resources/Info.plist;
				INFOPLIST_KEY_UIApplicationSupportsIndirectInputEvents = YES;
				INFOPLIST_KEY_UILaunchStoryboardName = LaunchScreen;
				INFOPLIST_KEY_UIMainStoryboardFile = Auth;
				INFOPLIST_KEY_UISupportedInterfaceOrientations = UIInterfaceOrientationPortrait;
				INFOPLIST_KEY_UISupportedInterfaceOrientations_iPad = "UIInterfaceOrientationLandscapeLeft UIInterfaceOrientationLandscapeRight UIInterfaceOrientationPortrait UIInterfaceOrientationPortraitUpsideDown";
				LD_RUNPATH_SEARCH_PATHS = (
					"$(inherited)",
					"@executable_path/Frameworks",
				);
				MARKETING_VERSION = 1.0;
				PRODUCT_BUNDLE_IDENTIFIER = emjayglobal.app;
				PRODUCT_NAME = "$(TARGET_NAME)";
				SUPPORTED_PLATFORMS = "iphoneos iphonesimulator";
				SUPPORTS_MACCATALYST = NO;
				SUPPORTS_MAC_DESIGNED_FOR_IPHONE_IPAD = NO;
				SWIFT_EMIT_LOC_STRINGS = YES;
				SWIFT_VERSION = 5.0;
				TARGETED_DEVICE_FAMILY = 1;
			};
			name = Release;
		};
/* End XCBuildConfiguration section */

/* Begin XCConfigurationList section */
		0178C74E291A35260088ADCE /* Build configuration list for PBXProject "EmjayGlobal" */ = {
			isa = XCConfigurationList;
			buildConfigurations = (
				0178C765291A35290088ADCE /* Debug */,
				0178C766291A35290088ADCE /* Release */,
			);
			defaultConfigurationIsVisible = 0;
			defaultConfigurationName = Release;
		};
		0178C767291A35290088ADCE /* Build configuration list for PBXNativeTarget "EmjayGlobal" */ = {
			isa = XCConfigurationList;
			buildConfigurations = (
				0178C768291A35290088ADCE /* Debug */,
				0178C769291A35290088ADCE /* Release */,
			);
			defaultConfigurationIsVisible = 0;
			defaultConfigurationName = Release;
		};
/* End XCConfigurationList section */
	};
	rootObject = 0178C74B291A35260088ADCE /* Project object */;
}
